# This file is automatically @generated by Cargo.
# It is not intended for manual editing.
version = 4

[[package]]
name = "acceptance"
version = "0.0.0"
dependencies = [
 "adapter-traits",
 "core-model",
 "testkit",
]

[[package]]
name = "adapter-traits"
version = "0.0.0"

[[package]]
name = "core-model"
version = "0.0.0"

[[package]]
name = "testkit"
version = "0.0.0"

[[package]]
name = "xtask"
version = "0.0.0"
